
Microsoft Visual Studio Solution File, Format Version 12.00
# Visual Studio Version 16
VisualStudioVersion = 16.0.30011.22
MinimumVisualStudioVersion = 10.0.40219.1
Project("{FAE04EC0-301F-11D3-BF4B-00C04F79EFBC}") = "Tyle.WinForms", "Src\UI\WinForms\WinForms.csproj", "{7E23E39E-DBA2-4FBE-8DBE-9D71963E8062}"
EndProject
Global
	GlobalSection(SolutionConfigurationPlatforms) = preSolution
		Debug|Any CPU = Debug|Any CPU
		Release|Any CPU = Release|Any CPU
	EndGlobalSection
	GlobalSection(ProjectConfigurationPlatforms) = postSolution
		{7E23E39E-DBA2-4FBE-8DBE-9D71963E8062}.Debug|Any CPU.ActiveCfg = Debug|Any CPU
		{7E23E39E-DBA2-4FBE-8DBE-9D71963E8062}.Debug|Any CPU.Build.0 = Debug|Any CPU
		{7E23E39E-DBA2-4FBE-8DBE-9D71963E8062}.Release|Any CPU.ActiveCfg = Release|Any CPU
		{7E23E39E-DBA2-4FBE-8DBE-9D71963E8062}.Release|Any CPU.Build.0 = Release|Any CPU
	EndGlobalSection
	GlobalSection(SolutionProperties) = preSolution
		HideSolutionNode = FALSE
	EndGlobalSection
	GlobalSection(ExtensibilityGlobals) = postSolution
		SolutionGuid = {5624752B-DA69-4874-A91B-0DFE12B3BB2B}
	EndGlobalSection
EndGlobal
